
Microsoft Visual Studio Solution File, Format Version 12.00
# Visual Studio Version 16
VisualStudioVersion = 16.0.30413.136
MinimumVisualStudioVersion = 10.0.40219.1
Project("{FAE04EC0-301F-11D3-BF4B-00C04F79EFBC}") = "Daniel.Calling a Rest API", "Daniel.Calling a Rest API\Daniel.Calling a Rest API.csproj", "{9695A2E7-78F8-4DB0-B625-AA6218323D30}"
EndProject
Global
	GlobalSection(SolutionConfigurationPlatforms) = preSolution
		Debug|Any CPU = Debug|Any CPU
		Release|Any CPU = Release|Any CPU
	EndGlobalSection
	GlobalSection(ProjectConfigurationPlatforms) = postSolution
		{9695A2E7-78F8-4DB0-B625-AA6218323D30}.Debug|Any CPU.ActiveCfg = Debug|Any CPU
		{9695A2E7-78F8-4DB0-B625-AA6218323D30}.Debug|Any CPU.Build.0 = Debug|Any CPU
		{9695A2E7-78F8-4DB0-B625-AA6218323D30}.Release|Any CPU.ActiveCfg = Release|Any CPU
		{9695A2E7-78F8-4DB0-B625-AA6218323D30}.Release|Any CPU.Build.0 = Release|Any CPU
	EndGlobalSection
	GlobalSection(SolutionProperties) = preSolution
		HideSolutionNode = FALSE
	EndGlobalSection
	GlobalSection(ExtensibilityGlobals) = postSolution
		SolutionGuid = {50A9A51A-E29B-4564-AFDD-C74A69722C34}
	EndGlobalSection
EndGlobal
